
Microsoft Visual Studio Solution File, Format Version 12.00
# Visual Studio Version 17
VisualStudioVersion = 17.4.33205.214
MinimumVisualStudioVersion = 10.0.40219.1
Project("{888888A0-9F3D-457C-B088-3A5042F75D52}") = "praktiline_too_tsukel_ulesanne0", "praktiline_too_tsukel_ulesanne0\praktiline_too_tsukel_ulesanne0.pyproj", "{D2BCE289-2850-40B7-80D3-C3B3B9C8BA69}"
EndProject
Global
	GlobalSection(SolutionConfigurationPlatforms) = preSolution
		Debug|Any CPU = Debug|Any CPU
		Release|Any CPU = Release|Any CPU
	EndGlobalSection
	GlobalSection(ProjectConfigurationPlatforms) = postSolution
		{D2BCE289-2850-40B7-80D3-C3B3B9C8BA69}.Debug|Any CPU.ActiveCfg = Debug|Any CPU
		{D2BCE289-2850-40B7-80D3-C3B3B9C8BA69}.Release|Any CPU.ActiveCfg = Release|Any CPU
	EndGlobalSection
	GlobalSection(SolutionProperties) = preSolution
		HideSolutionNode = FALSE
	EndGlobalSection
	GlobalSection(ExtensibilityGlobals) = postSolution
		SolutionGuid = {460BEAC1-C7D9-44FF-8271-EEF49AAFEEA5}
	EndGlobalSection
EndGlobal
